Microsoft Visual Studio Solution File, Format Version 12.00
# Visual Studio Version 17
VisualStudioVersion = 17.5.2.0
MinimumVisualStudioVersion = 10.0.40219.1
Project("{FAE04EC0-301F-11D3-BF4B-00C04F79EFBC}") = "LojaVeiculos", "LojaVeiculos.csproj", "{D6DD83CB-BADA-401D-2B7A-FF0312C08A95}"
EndProject
Global
	GlobalSection(SolutionConfigurationPlatforms) = preSolution
		Debug|Any CPU = Debug|Any CPU
		Release|Any CPU = Release|Any CPU
	EndGlobalSection
	GlobalSection(ProjectConfigurationPlatforms) = postSolution
		{D6DD83CB-BADA-401D-2B7A-FF0312C08A95}.Debug|Any CPU.ActiveCfg = Debug|Any CPU
		{D6DD83CB-BADA-401D-2B7A-FF0312C08A95}.Debug|Any CPU.Build.0 = Debug|Any CPU
		{D6DD83CB-BADA-401D-2B7A-FF0312C08A95}.Release|Any CPU.ActiveCfg = Release|Any CPU
		{D6DD83CB-BADA-401D-2B7A-FF0312C08A95}.Release|Any CPU.Build.0 = Release|Any CPU
	EndGlobalSection
	GlobalSection(SolutionProperties) = preSolution
		HideSolutionNode = FALSE
	EndGlobalSection
	GlobalSection(ExtensibilityGlobals) = postSolution
		SolutionGuid = {1B3D2963-DC61-4672-BB83-8D4D25932BE0}
	EndGlobalSection
EndGlobal
